
Microsoft Visual Studio Solution File, Format Version 12.00
# Visual Studio Version 16
VisualStudioVersion = 16.0.31105.61
MinimumVisualStudioVersion = 10.0.40219.1
Project("{9A19103F-16F7-4668-BE54-9A1E7A4F7556}") = "ArduinoCommunication", "ArduinoCommunication\ArduinoCommunication.csproj", "{3A2C2B7F-1D11-455E-B8EF-91E1C7F292F0}"
EndProject
Project("{FAE04EC0-301F-11D3-BF4B-00C04F79EFBC}") = "TestConsole", "TestConsole\TestConsole.csproj", "{44462738-47BD-44D7-8A7A-FE7AF1C64A05}"
EndProject
Global
	GlobalSection(SolutionConfigurationPlatforms) = preSolution
		Debug|Any CPU = Debug|Any CPU
		Release|Any CPU = Release|Any CPU
	EndGlobalSection
	GlobalSection(ProjectConfigurationPlatforms) = postSolution
		{3A2C2B7F-1D11-455E-B8EF-91E1C7F292F0}.Debug|Any CPU.ActiveCfg = Debug|Any CPU
		{3A2C2B7F-1D11-455E-B8EF-91E1C7F292F0}.Debug|Any CPU.Build.0 = Debug|Any CPU
		{3A2C2B7F-1D11-455E-B8EF-91E1C7F292F0}.Release|Any CPU.ActiveCfg = Release|Any CPU
		{3A2C2B7F-1D11-455E-B8EF-91E1C7F292F0}.Release|Any CPU.Build.0 = Release|Any CPU
		{44462738-47BD-44D7-8A7A-FE7AF1C64A05}.Debug|Any CPU.ActiveCfg = Debug|Any CPU
		{44462738-47BD-44D7-8A7A-FE7AF1C64A05}.Debug|Any CPU.Build.0 = Debug|Any CPU
		{44462738-47BD-44D7-8A7A-FE7AF1C64A05}.Release|Any CPU.ActiveCfg = Release|Any CPU
		{44462738-47BD-44D7-8A7A-FE7AF1C64A05}.Release|Any CPU.Build.0 = Release|Any CPU
	EndGlobalSection
	GlobalSection(SolutionProperties) = preSolution
		HideSolutionNode = FALSE
	EndGlobalSection
	GlobalSection(ExtensibilityGlobals) = postSolution
		SolutionGuid = {842CF5EC-4727-470A-9111-A858A6B3B226}
	EndGlobalSection
EndGlobal
